
Microsoft Visual Studio Solution File, Format Version 12.00
# Visual Studio Version 17
VisualStudioVersion = 17.3.32825.248
MinimumVisualStudioVersion = 10.0.40219.1
Project("{FAE04EC0-301F-11D3-BF4B-00C04F79EFBC}") = "Test123", "Test123\Test123.csproj", "{3E3AC870-E78E-438B-9D24-CC65CE6B91DD}"
EndProject
Global
	GlobalSection(SolutionConfigurationPlatforms) = preSolution
		Debug|Any CPU = Debug|Any CPU
		Release|Any CPU = Release|Any CPU
	EndGlobalSection
	GlobalSection(ProjectConfigurationPlatforms) = postSolution
		{3E3AC870-E78E-438B-9D24-CC65CE6B91DD}.Debug|Any CPU.ActiveCfg = Debug|Any CPU
		{3E3AC870-E78E-438B-9D24-CC65CE6B91DD}.Debug|Any CPU.Build.0 = Debug|Any CPU
		{3E3AC870-E78E-438B-9D24-CC65CE6B91DD}.Release|Any CPU.ActiveCfg = Release|Any CPU
		{3E3AC870-E78E-438B-9D24-CC65CE6B91DD}.Release|Any CPU.Build.0 = Release|Any CPU
	EndGlobalSection
	GlobalSection(SolutionProperties) = preSolution
		HideSolutionNode = FALSE
	EndGlobalSection
	GlobalSection(ExtensibilityGlobals) = postSolution
		SolutionGuid = {C68B92BE-0279-4991-9255-708B36AB3640}
	EndGlobalSection
EndGlobal
